
Microsoft Visual Studio Solution File, Format Version 12.00
Project("{FAE04EC0-301F-11D3-BF4B-00C04F79EFBC}") = "Tests", "Tests\Tests.csproj", "{52ABC468-C4C5-498B-A764-F90313A426AD}"
EndProject
Project("{FAE04EC0-301F-11D3-BF4B-00C04F79EFBC}") = "LabsDB", "LabsDB\LabsDB.csproj", "{72FA4FFC-A4C7-4564-AD15-9E97E4BAF1DD}"
EndProject
Project("{FAE04EC0-301F-11D3-BF4B-00C04F79EFBC}") = "MainApp", "MainApp\MainApp.csproj", "{72B7F89A-18C3-405D-9D49-ECBAD942A7A8}"
EndProject
Global
	GlobalSection(SolutionConfigurationPlatforms) = preSolution
		Debug|Any CPU = Debug|Any CPU
		Release|Any CPU = Release|Any CPU
	EndGlobalSection
	GlobalSection(ProjectConfigurationPlatforms) = postSolution
		{52ABC468-C4C5-498B-A764-F90313A426AD}.Debug|Any CPU.ActiveCfg = Debug|Any CPU
		{52ABC468-C4C5-498B-A764-F90313A426AD}.Debug|Any CPU.Build.0 = Debug|Any CPU
		{52ABC468-C4C5-498B-A764-F90313A426AD}.Release|Any CPU.ActiveCfg = Release|Any CPU
		{52ABC468-C4C5-498B-A764-F90313A426AD}.Release|Any CPU.Build.0 = Release|Any CPU
		{72FA4FFC-A4C7-4564-AD15-9E97E4BAF1DD}.Debug|Any CPU.ActiveCfg = Debug|Any CPU
		{72FA4FFC-A4C7-4564-AD15-9E97E4BAF1DD}.Debug|Any CPU.Build.0 = Debug|Any CPU
		{72FA4FFC-A4C7-4564-AD15-9E97E4BAF1DD}.Release|Any CPU.ActiveCfg = Release|Any CPU
		{72FA4FFC-A4C7-4564-AD15-9E97E4BAF1DD}.Release|Any CPU.Build.0 = Release|Any CPU
		{72B7F89A-18C3-405D-9D49-ECBAD942A7A8}.Debug|Any CPU.ActiveCfg = Debug|Any CPU
		{72B7F89A-18C3-405D-9D49-ECBAD942A7A8}.Debug|Any CPU.Build.0 = Debug|Any CPU
		{72B7F89A-18C3-405D-9D49-ECBAD942A7A8}.Release|Any CPU.ActiveCfg = Release|Any CPU
		{72B7F89A-18C3-405D-9D49-ECBAD942A7A8}.Release|Any CPU.Build.0 = Release|Any CPU
	EndGlobalSection
EndGlobal
